PODS:
  - Bolts (1.1.0)
  - Facebook-iOS-SDK (3.16.2):
    - Bolts
  - FlatUIKit (1.4)
  - JDFCurrencyTextField (2.1)
  - JSQFlatButton (2.0.0)
  - libPhoneNumber-iOS (0.7.3)
  - LTPhoneNumberField (0.5.0):
    - libPhoneNumber-iOS (~> 0.7.2)
  - Parse (1.2.20):
    - Facebook-iOS-SDK (~> 3.11)
  - PaymentKit (1.0.5)
  - Shimmer (1.0.1)
  - Stripe (1.1.4):
    - PaymentKit (~> 1.0.4)
  - TSCurrencyTextField (0.1.0):
    - TSCurrencyTextField/Core
  - TSCurrencyTextField/Core (0.1.0)

DEPENDENCIES:
  - FlatUIKit
  - JDFCurrencyTextField
  - JSQFlatButton
  - LTPhoneNumberField
  - Parse
  - Shimmer
  - Stripe
  - TSCurrencyTextField (~> 0.1.0)

SPEC CHECKSUMS:
  Bolts: 91c2af8eae1d44e1dd75946a5b0ae04a43ea43e4
  Facebook-iOS-SDK: 34eef640c2cc4c8618ba0f574ad2b290e07f1b4e
  FlatUIKit: edc1ed0c130687dc64a10e45851cc58925f6893d
  JDFCurrencyTextField: 0bd2c46d59f69594fdfb2ace6a53908ded02ea28
  JSQFlatButton: e8a11ba46496e7db757ddc24469774c254365ece
  libPhoneNumber-iOS: 98fc07d70c8fdb5e6a8e3442c37e97353065c20e
  LTPhoneNumberField: 5c7357f959e8175d297132c4dd09cf262922fe35
  Parse: 28c0dc54f30201a369d29a2f76c09fa43b2add16
  PaymentKit: 14b54835f57ae9e2bf5628140fcd67001740cba2
  Shimmer: 35aa2a57b8fbc17f9e16706021665966fd93dbd1
  Stripe: a0ed1c0675a3c36f6e8d575820cfec1dc9335f53
  TSCurrencyTextField: d63c385890f2d41200ecdd2268f01fd5968405cc

COCOAPODS: 0.33.1
