PODS:
  - Bolts (1.1.1)
  - CardIO (3.8.3)
  - Facebook-iOS-SDK (3.17.0):
    - Bolts
  - FlatUIKit (1.4)
  - FXBlurView (1.6.2)
  - JDFCurrencyTextField (2.1)
  - JSQFlatButton (2.0.0)
  - libPhoneNumber-iOS (0.7.3)
  - LTPhoneNumberField (0.5.0):
    - libPhoneNumber-iOS (~> 0.7.2)
  - Parse (1.2.20):
    - Facebook-iOS-SDK (~> 3.11)
  - PaymentKit (1.0.5)
  - Stripe (1.1.4):
    - PaymentKit (~> 1.0.4)
  - TSCurrencyTextField (0.1.0):
    - TSCurrencyTextField/Core
  - TSCurrencyTextField/Core (0.1.0)

DEPENDENCIES:
  - CardIO
  - FlatUIKit
  - FXBlurView
  - JDFCurrencyTextField
  - JSQFlatButton
  - LTPhoneNumberField
  - Parse
  - Stripe
  - TSCurrencyTextField (~> 0.1.0)

SPEC CHECKSUMS:
  Bolts: 0ca796081c3e7c139bd86d6903c27f1b83036a5d
  CardIO: de8d02da5003619533f52e4a5c44d84496ddb25c
  Facebook-iOS-SDK: f20274d809f112ba540842e2b6cbe50128d51b7b
  FlatUIKit: edc1ed0c130687dc64a10e45851cc58925f6893d
  FXBlurView: 47496afc9160097fa34af35fc4b310bd85d65dca
  JDFCurrencyTextField: 0bd2c46d59f69594fdfb2ace6a53908ded02ea28
  JSQFlatButton: e8a11ba46496e7db757ddc24469774c254365ece
  libPhoneNumber-iOS: 98fc07d70c8fdb5e6a8e3442c37e97353065c20e
  LTPhoneNumberField: 5c7357f959e8175d297132c4dd09cf262922fe35
  Parse: 28c0dc54f30201a369d29a2f76c09fa43b2add16
  PaymentKit: 14b54835f57ae9e2bf5628140fcd67001740cba2
  Stripe: a0ed1c0675a3c36f6e8d575820cfec1dc9335f53
  TSCurrencyTextField: d63c385890f2d41200ecdd2268f01fd5968405cc

COCOAPODS: 0.33.1
